
Microsoft Visual Studio Solution File, Format Version 12.00
# Visual Studio 15
VisualStudioVersion = 15.0.33529.398
MinimumVisualStudioVersion = 10.0.40219.1
Project("{FAE04EC0-301F-11D3-BF4B-00C04F79EFBC}") = "Surfer", "Surfer.csproj", "{F2162B23-28DB-4FEC-8D9D-60019CEBCB19}"
EndProject
Project("{2150E333-8FDC-42A3-9474-1A3956D46DE8}") = "Solution Items", "Solution Items", "{2581B2A7-063E-4E6B-A991-72CB5B4B72BE}"
	ProjectSection(SolutionItems) = preProject
		.gitignore = .gitignore
		LICENSE = LICENSE
		README.md = README.md
	EndProjectSection
EndProject
Global
	GlobalSection(SolutionConfigurationPlatforms) = preSolution
		Debug|x64 = Debug|x64
		Debug|x86 = Debug|x86
		Release|x64 = Release|x64
		Release|x86 = Release|x86
	EndGlobalSection
	GlobalSection(ProjectConfigurationPlatforms) = postSolution
		{F2162B23-28DB-4FEC-8D9D-60019CEBCB19}.Debug|x64.ActiveCfg = Debug|x64
		{F2162B23-28DB-4FEC-8D9D-60019CEBCB19}.Debug|x64.Build.0 = Debug|x64
		{F2162B23-28DB-4FEC-8D9D-60019CEBCB19}.Debug|x86.ActiveCfg = Debug|x86
		{F2162B23-28DB-4FEC-8D9D-60019CEBCB19}.Debug|x86.Build.0 = Debug|x86
		{F2162B23-28DB-4FEC-8D9D-60019CEBCB19}.Release|x64.ActiveCfg = Release|x64
		{F2162B23-28DB-4FEC-8D9D-60019CEBCB19}.Release|x64.Build.0 = Release|x64
		{F2162B23-28DB-4FEC-8D9D-60019CEBCB19}.Release|x86.ActiveCfg = Release|x86
		{F2162B23-28DB-4FEC-8D9D-60019CEBCB19}.Release|x86.Build.0 = Release|x86
	EndGlobalSection
	GlobalSection(SolutionProperties) = preSolution
		HideSolutionNode = FALSE
	EndGlobalSection
	GlobalSection(ExtensibilityGlobals) = postSolution
		SolutionGuid = {5856F02D-17DB-4ABC-BC62-3B10A5E13295}
	EndGlobalSection
EndGlobal
