
Microsoft Visual Studio Solution File, Format Version 12.00
# Visual Studio 15
VisualStudioVersion = 15.0.33529.398
MinimumVisualStudioVersion = 10.0.40219.1
Project("{FAE04EC0-301F-11D3-BF4B-00C04F79EFBC}") = "Surfer", "Surfer.csproj", "{F2162B23-28DB-4FEC-8D9D-60019CEBCB19}"
EndProject
Global
	GlobalSection(SolutionConfigurationPlatforms) = preSolution
		Debug|Any CPU = Debug|Any CPU
		Release|Any CPU = Release|Any CPU
	EndGlobalSection
	GlobalSection(ProjectConfigurationPlatforms) = postSolution
		{F2162B23-28DB-4FEC-8D9D-60019CEBCB19}.Debug|Any CPU.ActiveCfg = Debug|Any CPU
		{F2162B23-28DB-4FEC-8D9D-60019CEBCB19}.Debug|Any CPU.Build.0 = Debug|Any CPU
		{F2162B23-28DB-4FEC-8D9D-60019CEBCB19}.Release|Any CPU.ActiveCfg = Release|Any CPU
		{F2162B23-28DB-4FEC-8D9D-60019CEBCB19}.Release|Any CPU.Build.0 = Release|Any CPU
	EndGlobalSection
	GlobalSection(SolutionProperties) = preSolution
		HideSolutionNode = FALSE
	EndGlobalSection
	GlobalSection(ExtensibilityGlobals) = postSolution
		SolutionGuid = {5856F02D-17DB-4ABC-BC62-3B10A5E13295}
	EndGlobalSection
EndGlobal
